// !$*UTF8*$!
{
	archiveVersion = 1;
	classes = {
	};
	objectVersion = 50;
	objects = {

/* Begin PBXBuildFile section */
		2881D70023FE5E7200F6CDD8 /* AppDelegate.swift in Sources */ = {isa = PBXBuildFile; fileRef = 2881D6FF23FE5E7200F6CDD8 /* AppDelegate.swift */; };
		2881D70223FE5E7200F6CDD8 /* SceneDelegate.swift in Sources */ = {isa = PBXBuildFile; fileRef = 2881D70123FE5E7200F6CDD8 /* SceneDelegate.swift */; };
		2881D70423FE5E7200F6CDD8 /* TodoViewController.swift in Sources */ = {isa = PBXBuildFile; fileRef = 2881D70323FE5E7200F6CDD8 /* TodoViewController.swift */; };
		2881D70723FE5E7200F6CDD8 /* Main.storyboard in Resources */ = {isa = PBXBuildFile; fileRef = 2881D70523FE5E7200F6CDD8 /* Main.storyboard */; };
		2881D70923FE5E7300F6CDD8 /* Assets.xcassets in Resources */ = {isa = PBXBuildFile; fileRef = 2881D70823FE5E7300F6CDD8 /* Assets.xcassets */; };
		2881D70C23FE5E7300F6CDD8 /* LaunchScreen.storyboard in Resources */ = {isa = PBXBuildFile; fileRef = 2881D70A23FE5E7300F6CDD8 /* LaunchScreen.storyboard */; };
		2881D71823FE5FD400F6CDD8 /* Constants.swift in Sources */ = {isa = PBXBuildFile; fileRef = 2881D71723FE5FD400F6CDD8 /* Constants.swift */; };
		2881D71B23FE661700F6CDD8 /* Item.swift in Sources */ = {isa = PBXBuildFile; fileRef = 2881D71A23FE661700F6CDD8 /* Item.swift */; };
/* End PBXBuildFile section */

/* Begin PBXFileReference section */
		2881D6FC23FE5E7200F6CDD8 /* userDefaultTodo.app */ = {isa = PBXFileReference; explicitFileType = wrapper.application; includeInIndex = 0; path = userDefaultTodo.app; sourceTree = BUILT_PRODUCTS_DIR; };
		2881D6FF23FE5E7200F6CDD8 /* AppDelegate.swift */ = {isa = PBXFileReference; lastKnownFileType = sourcecode.swift; path = AppDelegate.swift; sourceTree = "<group>"; };
		2881D70123FE5E7200F6CDD8 /* SceneDelegate.swift */ = {isa = PBXFileReference; lastKnownFileType = sourcecode.swift; path = SceneDelegate.swift; sourceTree = "<group>"; };
		2881D70323FE5E7200F6CDD8 /* TodoViewController.swift */ = {isa = PBXFileReference; lastKnownFileType = sourcecode.swift; path = TodoViewController.swift; sourceTree = "<group>"; };
		2881D70623FE5E7200F6CDD8 /* Base */ = {isa = PBXFileReference; lastKnownFileType = file.storyboard; name = Base; path = Base.lproj/Main.storyboard; sourceTree = "<group>"; };
		2881D70823FE5E7300F6CDD8 /* Assets.xcassets */ = {isa = PBXFileReference; lastKnownFileType = folder.assetcatalog; path = Assets.xcassets; sourceTree = "<group>"; };
		2881D70B23FE5E7300F6CDD8 /* Base */ = {isa = PBXFileReference; lastKnownFileType = file.storyboard; name = Base; path = Base.lproj/LaunchScreen.storyboard; sourceTree = "<group>"; };
		2881D70D23FE5E7300F6CDD8 /* Info.plist */ = {isa = PBXFileReference; lastKnownFileType = text.plist.xml; path = Info.plist; sourceTree = "<group>"; };
		2881D71723FE5FD400F6CDD8 /* Constants.swift */ = {isa = PBXFileReference; lastKnownFileType = sourcecode.swift; path = Constants.swift; sourceTree = "<group>"; };
		2881D71A23FE661700F6CDD8 /* Item.swift */ = {isa = PBXFileReference; lastKnownFileType = sourcecode.swift; path = Item.swift; sourceTree = "<group>"; };
/* End PBXFileReference section */

/* Begin PBXFrameworksBuildPhase section */
		2881D6F923FE5E7200F6CDD8 /* Frameworks */ = {
			isa = PBXFrameworksBuildPhase;
			buildActionMask = 2147483647;
			files = (
			);
			runOnlyForDeploymentPostprocessing = 0;
		};
/* End PBXFrameworksBuildPhase section */

/* Begin PBXGroup section */
		2881D6F323FE5E7100F6CDD8 = {
			isa = PBXGroup;
			children = (
				2881D6FE23FE5E7200F6CDD8 /* userDefaultTodo */,
				2881D6FD23FE5E7200F6CDD8 /* Products */,
			);
			sourceTree = "<group>";
		};
		2881D6FD23FE5E7200F6CDD8 /* Products */ = {
			isa = PBXGroup;
			children = (
				2881D6FC23FE5E7200F6CDD8 /* userDefaultTodo.app */,
			);
			name = Products;
			sourceTree = "<group>";
		};
		2881D6FE23FE5E7200F6CDD8 /* userDefaultTodo */ = {
			isa = PBXGroup;
			children = (
				2881D70D23FE5E7300F6CDD8 /* Info.plist */,
				2881D71323FE5EFC00F6CDD8 /* support */,
				2881D71623FE5F1400F6CDD8 /* view */,
				2881D71923FE65FD00F6CDD8 /* model */,
				2881D71523FE5F0900F6CDD8 /* controller */,
				2881D70823FE5E7300F6CDD8 /* Assets.xcassets */,
				2881D71723FE5FD400F6CDD8 /* Constants.swift */,
			);
			path = userDefaultTodo;
			sourceTree = "<group>";
		};
		2881D71323FE5EFC00F6CDD8 /* support */ = {
			isa = PBXGroup;
			children = (
				2881D6FF23FE5E7200F6CDD8 /* AppDelegate.swift */,
				2881D70123FE5E7200F6CDD8 /* SceneDelegate.swift */,
			);
			path = support;
			sourceTree = "<group>";
		};
		2881D71523FE5F0900F6CDD8 /* controller */ = {
			isa = PBXGroup;
			children = (
				2881D70323FE5E7200F6CDD8 /* TodoViewController.swift */,
			);
			path = controller;
			sourceTree = "<group>";
		};
		2881D71623FE5F1400F6CDD8 /* view */ = {
			isa = PBXGroup;
			children = (
				2881D70A23FE5E7300F6CDD8 /* LaunchScreen.storyboard */,
				2881D70523FE5E7200F6CDD8 /* Main.storyboard */,
			);
			path = view;
			sourceTree = "<group>";
		};
		2881D71923FE65FD00F6CDD8 /* model */ = {
			isa = PBXGroup;
			children = (
				2881D71A23FE661700F6CDD8 /* Item.swift */,
			);
			path = model;
			sourceTree = "<group>";
		};
/* End PBXGroup section */

/* Begin PBXNativeTarget section */
		2881D6FB23FE5E7200F6CDD8 /* userDefaultTodo */ = {
			isa = PBXNativeTarget;
			buildConfigurationList = 2881D71023FE5E7300F6CDD8 /* Build configuration list for PBXNativeTarget "userDefaultTodo" */;
			buildPhases = (
				2881D6F823FE5E7200F6CDD8 /* Sources */,
				2881D6F923FE5E7200F6CDD8 /* Frameworks */,
				2881D6FA23FE5E7200F6CDD8 /* Resources */,
			);
			buildRules = (
			);
			dependencies = (
			);
			name = userDefaultTodo;
			productName = userDefaultTodo;
			productReference = 2881D6FC23FE5E7200F6CDD8 /* userDefaultTodo.app */;
			productType = "com.apple.product-type.application";
		};
/* End PBXNativeTarget section */

/* Begin PBXProject section */
		2881D6F423FE5E7100F6CDD8 /* Project object */ = {
			isa = PBXProject;
			attributes = {
				LastSwiftUpdateCheck = 1130;
				LastUpgradeCheck = 1130;
				ORGANIZATIONNAME = "shin seunghyun";
				TargetAttributes = {
					2881D6FB23FE5E7200F6CDD8 = {
						CreatedOnToolsVersion = 11.3.1;
					};
				};
			};
			buildConfigurationList = 2881D6F723FE5E7100F6CDD8 /* Build configuration list for PBXProject "userDefaultTodo" */;
			compatibilityVersion = "Xcode 9.3";
			developmentRegion = en;
			hasScannedForEncodings = 0;
			knownRegions = (
				en,
				Base,
			);
			mainGroup = 2881D6F323FE5E7100F6CDD8;
			productRefGroup = 2881D6FD23FE5E7200F6CDD8 /* Products */;
			projectDirPath = "";
			projectRoot = "";
			targets = (
				2881D6FB23FE5E7200F6CDD8 /* userDefaultTodo */,
			);
		};
/* End PBXProject section */

/* Begin PBXResourcesBuildPhase section */
		2881D6FA23FE5E7200F6CDD8 /* Resources */ = {
			isa = PBXResourcesBuildPhase;
			buildActionMask = 2147483647;
			files = (
				2881D70C23FE5E7300F6CDD8 /* LaunchScreen.storyboard in Resources */,
				2881D70923FE5E7300F6CDD8 /* Assets.xcassets in Resources */,
				2881D70723FE5E7200F6CDD8 /* Main.storyboard in Resources */,
			);
			runOnlyForDeploymentPostprocessing = 0;
		};
/* End PBXResourcesBuildPhase section */

/* Begin PBXSourcesBuildPhase section */
		2881D6F823FE5E7200F6CDD8 /* Sources */ = {
			isa = PBXSourcesBuildPhase;
			buildActionMask = 2147483647;
			files = (
				2881D71B23FE661700F6CDD8 /* Item.swift in Sources */,
				2881D70423FE5E7200F6CDD8 /* TodoViewController.swift in Sources */,
				2881D70023FE5E7200F6CDD8 /* AppDelegate.swift in Sources */,
				2881D70223FE5E7200F6CDD8 /* SceneDelegate.swift in Sources */,
				2881D71823FE5FD400F6CDD8 /* Constants.swift in Sources */,
			);
			runOnlyForDeploymentPostprocessing = 0;
		};
/* End PBXSourcesBuildPhase section */

/* Begin PBXVariantGroup section */
		2881D70523FE5E7200F6CDD8 /* Main.storyboard */ = {
			isa = PBXVariantGroup;
			children = (
				2881D70623FE5E7200F6CDD8 /* Base */,
			);
			name = Main.storyboard;
			sourceTree = "<group>";
		};
		2881D70A23FE5E7300F6CDD8 /* LaunchScreen.storyboard */ = {
			isa = PBXVariantGroup;
			children = (
				2881D70B23FE5E7300F6CDD8 /* Base */,
			);
			name = LaunchScreen.storyboard;
			sourceTree = "<group>";
		};
/* End PBXVariantGroup section */

/* Begin XCBuildConfiguration section */
		2881D70E23FE5E7300F6CDD8 /* Debug */ = {
			isa = XCBuildConfiguration;
			buildSettings = {
				ALWAYS_SEARCH_USER_PATHS = NO;
				CLANG_ANALYZER_NONNULL = YES;
				CLANG_ANALYZER_NUMBER_OBJECT_CONVERSION = YES_AGGRESSIVE;
				CLANG_CXX_LANGUAGE_STANDARD = "gnu++14";
				CLANG_CXX_LIBRARY = "libc++";
				CLANG_ENABLE_MODULES = YES;
				CLANG_ENABLE_OBJC_ARC = YES;
				CLANG_ENABLE_OBJC_WEAK = YES;
				CLANG_WARN_BLOCK_CAPTURE_AUTORELEASING = YES;
				CLANG_WARN_BOOL_CONVERSION = YES;
				CLANG_WARN_COMMA = YES;
				CLANG_WARN_CONSTANT_CONVERSION = YES;
				CLANG_WARN_DEPRECATED_OBJC_IMPLEMENTATIONS = YES;
				CLANG_WARN_DIRECT_OBJC_ISA_USAGE = YES_ERROR;
				CLANG_WARN_DOCUMENTATION_COMMENTS = YES;
				CLANG_WARN_EMPTY_BODY = YES;
				CLANG_WARN_ENUM_CONVERSION = YES;
				CLANG_WARN_INFINITE_RECURSION = YES;
				CLANG_WARN_INT_CONVERSION = YES;
				CLANG_WARN_NON_LITERAL_NULL_CONVERSION = YES;
				CLANG_WARN_OBJC_IMPLICIT_RETAIN_SELF = YES;
				CLANG_WARN_OBJC_LITERAL_CONVERSION = YES;
				CLANG_WARN_OBJC_ROOT_CLASS = YES_ERROR;
				CLANG_WARN_RANGE_LOOP_ANALYSIS = YES;
				CLANG_WARN_STRICT_PROTOTYPES = YES;
				CLANG_WARN_SUSPICIOUS_MOVE = YES;
				CLANG_WARN_UNGUARDED_AVAILABILITY = YES_AGGRESSIVE;
				CLANG_WARN_UNREACHABLE_CODE = YES;
				CLANG_WARN__DUPLICATE_METHOD_MATCH = YES;
				COPY_PHASE_STRIP = NO;
				DEBUG_INFORMATION_FORMAT = dwarf;
				ENABLE_STRICT_OBJC_MSGSEND = YES;
				ENABLE_TESTABILITY = YES;
				GCC_C_LANGUAGE_STANDARD = gnu11;
				GCC_DYNAMIC_NO_PIC = NO;
				GCC_NO_COMMON_BLOCKS = YES;
				GCC_OPTIMIZATION_LEVEL = 0;
				GCC_PREPROCESSOR_DEFINITIONS = (
					"DEBUG=1",
					"$(inherited)",
				);
				GCC_WARN_64_TO_32_BIT_CONVERSION = YES;
				GCC_WARN_ABOUT_RETURN_TYPE = YES_ERROR;
				GCC_WARN_UNDECLARED_SELECTOR = YES;
				GCC_WARN_UNINITIALIZED_AUTOS = YES_AGGRESSIVE;
				GCC_WARN_UNUSED_FUNCTION = YES;
				GCC_WARN_UNUSED_VARIABLE = YES;
				IPHONEOS_DEPLOYMENT_TARGET = 13.2;
				MTL_ENABLE_DEBUG_INFO = INCLUDE_SOURCE;
				MTL_FAST_MATH = YES;
				ONLY_ACTIVE_ARCH = YES;
				SDKROOT = iphoneos;
				SWIFT_ACTIVE_COMPILATION_CONDITIONS = DEBUG;
				SWIFT_OPTIMIZATION_LEVEL = "-Onone";
			};
			name = Debug;
		};
		2881D70F23FE5E7300F6CDD8 /* Release */ = {
			isa = XCBuildConfiguration;
			buildSettings = {
				ALWAYS_SEARCH_USER_PATHS = NO;
				CLANG_ANALYZER_NONNULL = YES;
				CLANG_ANALYZER_NUMBER_OBJECT_CONVERSION = YES_AGGRESSIVE;
				CLANG_CXX_LANGUAGE_STANDARD = "gnu++14";
				CLANG_CXX_LIBRARY = "libc++";
				CLANG_ENABLE_MODULES = YES;
				CLANG_ENABLE_OBJC_ARC = YES;
				CLANG_ENABLE_OBJC_WEAK = YES;
				CLANG_WARN_BLOCK_CAPTURE_AUTORELEASING = YES;
				CLANG_WARN_BOOL_CONVERSION = YES;
				CLANG_WARN_COMMA = YES;
				CLANG_WARN_CONSTANT_CONVERSION = YES;
				CLANG_WARN_DEPRECATED_OBJC_IMPLEMENTATIONS = YES;
				CLANG_WARN_DIRECT_OBJC_ISA_USAGE = YES_ERROR;
				CLANG_WARN_DOCUMENTATION_COMMENTS = YES;
				CLANG_WARN_EMPTY_BODY = YES;
				CLANG_WARN_ENUM_CONVERSION = YES;
				CLANG_WARN_INFINITE_RECURSION = YES;
				CLANG_WARN_INT_CONVERSION = YES;
				CLANG_WARN_NON_LITERAL_NULL_CONVERSION = YES;
				CLANG_WARN_OBJC_IMPLICIT_RETAIN_SELF = YES;
				CLANG_WARN_OBJC_LITERAL_CONVERSION = YES;
				CLANG_WARN_OBJC_ROOT_CLASS = YES_ERROR;
				CLANG_WARN_RANGE_LOOP_ANALYSIS = YES;
				CLANG_WARN_STRICT_PROTOTYPES = YES;
				CLANG_WARN_SUSPICIOUS_MOVE = YES;
				CLANG_WARN_UNGUARDED_AVAILABILITY = YES_AGGRESSIVE;
				CLANG_WARN_UNREACHABLE_CODE = YES;
				CLANG_WARN__DUPLICATE_METHOD_MATCH = YES;
				COPY_PHASE_STRIP = NO;
				DEBUG_INFORMATION_FORMAT = "dwarf-with-dsym";
				ENABLE_NS_ASSERTIONS = NO;
				ENABLE_STRICT_OBJC_MSGSEND = YES;
				GCC_C_LANGUAGE_STANDARD = gnu11;
				GCC_NO_COMMON_BLOCKS = YES;
				GCC_WARN_64_TO_32_BIT_CONVERSION = YES;
				GCC_WARN_ABOUT_RETURN_TYPE = YES_ERROR;
				GCC_WARN_UNDECLARED_SELECTOR = YES;
				GCC_WARN_UNINITIALIZED_AUTOS = YES_AGGRESSIVE;
				GCC_WARN_UNUSED_FUNCTION = YES;
				GCC_WARN_UNUSED_VARIABLE = YES;
				IPHONEOS_DEPLOYMENT_TARGET = 13.2;
				MTL_ENABLE_DEBUG_INFO = NO;
				MTL_FAST_MATH = YES;
				SDKROOT = iphoneos;
				SWIFT_COMPILATION_MODE = wholemodule;
				SWIFT_OPTIMIZATION_LEVEL = "-O";
				VALIDATE_PRODUCT = YES;
			};
			name = Release;
		};
		2881D71123FE5E7300F6CDD8 /* Debug */ = {
			isa = XCBuildConfiguration;
			buildSettings = {
				ASSETCATALOG_COMPILER_APPICON_NAME = AppIcon;
				CODE_SIGN_STYLE = Automatic;
				INFOPLIST_FILE = userDefaultTodo/Info.plist;
				LD_RUNPATH_SEARCH_PATHS = (
					"$(inherited)",
					"@executable_path/Frameworks",
				);
				PRODUCT_BUNDLE_IDENTIFIER = any.userDefaultTodo;
				PRODUCT_NAME = "$(TARGET_NAME)";
				SWIFT_VERSION = 5.0;
				TARGETED_DEVICE_FAMILY = "1,2";
			};
			name = Debug;
		};
		2881D71223FE5E7300F6CDD8 /* Release */ = {
			isa = XCBuildConfiguration;
			buildSettings = {
				ASSETCATALOG_COMPILER_APPICON_NAME = AppIcon;
				CODE_SIGN_STYLE = Automatic;
				INFOPLIST_FILE = userDefaultTodo/Info.plist;
				LD_RUNPATH_SEARCH_PATHS = (
					"$(inherited)",
					"@executable_path/Frameworks",
				);
				PRODUCT_BUNDLE_IDENTIFIER = any.userDefaultTodo;
				PRODUCT_NAME = "$(TARGET_NAME)";
				SWIFT_VERSION = 5.0;
				TARGETED_DEVICE_FAMILY = "1,2";
			};
			name = Release;
		};
/* End XCBuildConfiguration section */

/* Begin XCConfigurationList section */
		2881D6F723FE5E7100F6CDD8 /* Build configuration list for PBXProject "userDefaultTodo" */ = {
			isa = XCConfigurationList;
			buildConfigurations = (
				2881D70E23FE5E7300F6CDD8 /* Debug */,
				2881D70F23FE5E7300F6CDD8 /* Release */,
			);
			defaultConfigurationIsVisible = 0;
			defaultConfigurationName = Release;
		};
		2881D71023FE5E7300F6CDD8 /* Build configuration list for PBXNativeTarget "userDefaultTodo" */ = {
			isa = XCConfigurationList;
			buildConfigurations = (
				2881D71123FE5E7300F6CDD8 /* Debug */,
				2881D71223FE5E7300F6CDD8 /* Release */,
			);
			defaultConfigurationIsVisible = 0;
			defaultConfigurationName = Release;
		};
/* End XCConfigurationList section */
	};
	rootObject = 2881D6F423FE5E7100F6CDD8 /* Project object */;
}
